
Microsoft Visual Studio Solution File, Format Version 12.00
# Visual Studio 15
VisualStudioVersion = 15.0.27004.2010
MinimumVisualStudioVersion = 10.0.40219.1
Project("{FAE04EC0-301F-11D3-BF4B-00C04F79EFBC}") = "AppGPS.Android", "AppGPS\AppGPS.Android\AppGPS.Android.csproj", "{F8377F21-DB37-434F-9EB2-29D58AC25C44}"
EndProject
Project("{FAE04EC0-301F-11D3-BF4B-00C04F79EFBC}") = "AppGPS", "AppGPS\AppGPS\AppGPS.csproj", "{87345916-C536-4784-B171-FEAE0DD3C442}"
EndProject
Project("{FAE04EC0-301F-11D3-BF4B-00C04F79EFBC}") = "AppGPS.iOS", "AppGPS\AppGPS.iOS\AppGPS.iOS.csproj", "{E8305F49-558A-4AD5-9B00-28B773A697EE}"
EndProject
Global
	GlobalSection(SolutionConfigurationPlatforms) = preSolution
		Ad-Hoc|Any CPU = Ad-Hoc|Any CPU
		Ad-Hoc|ARM = Ad-Hoc|ARM
		Ad-Hoc|iPhone = Ad-Hoc|iPhone
		Ad-Hoc|iPhoneSimulator = Ad-Hoc|iPhoneSimulator
		Ad-Hoc|x64 = Ad-Hoc|x64
		Ad-Hoc|x86 = Ad-Hoc|x86
		AppStore|Any CPU = AppStore|Any CPU
		AppStore|ARM = AppStore|ARM
		AppStore|iPhone = AppStore|iPhone
		AppStore|iPhoneSimulator = AppStore|iPhoneSimulator
		AppStore|x64 = AppStore|x64
		AppStore|x86 = AppStore|x86
		Debug|Any CPU = Debug|Any CPU
		Debug|ARM = Debug|ARM
		Debug|iPhone = Debug|iPhone
		Debug|iPhoneSimulator = Debug|iPhoneSimulator
		Debug|x64 = Debug|x64
		Debug|x86 = Debug|x86
		Release|Any CPU = Release|Any CPU
		Release|ARM = Release|ARM
		Release|iPhone = Release|iPhone
		Release|iPhoneSimulator = Release|iPhoneSimulator
		Release|x64 = Release|x64
		Release|x86 = Release|x86
	EndGlobalSection
	GlobalSection(ProjectConfigurationPlatforms) = postSolution
		{F8377F21-DB37-434F-9EB2-29D58AC25C44}.Ad-Hoc|Any CPU.ActiveCfg = Release|Any CPU
		{F8377F21-DB37-434F-9EB2-29D58AC25C44}.Ad-Hoc|Any CPU.Build.0 = Release|Any CPU
		{F8377F21-DB37-434F-9EB2-29D58AC25C44}.Ad-Hoc|Any CPU.Deploy.0 = Release|Any CPU
		{F8377F21-DB37-434F-9EB2-29D58AC25C44}.Ad-Hoc|ARM.ActiveCfg = Release|Any CPU
		{F8377F21-DB37-434F-9EB2-29D58AC25C44}.Ad-Hoc|ARM.Build.0 = Release|Any CPU
		{F8377F21-DB37-434F-9EB2-29D58AC25C44}.Ad-Hoc|ARM.Deploy.0 = Release|Any CPU
		{F8377F21-DB37-434F-9EB2-29D58AC25C44}.Ad-Hoc|iPhone.ActiveCfg = Release|Any CPU
		{F8377F21-DB37-434F-9EB2-29D58AC25C44}.Ad-Hoc|iPhone.Build.0 = Release|Any CPU
		{F8377F21-DB37-434F-9EB2-29D58AC25C44}.Ad-Hoc|iPhone.Deploy.0 = Release|Any CPU
		{F8377F21-DB37-434F-9EB2-29D58AC25C44}.Ad-Hoc|iPhoneSimulator.ActiveCfg = Release|Any CPU
		{F8377F21-DB37-434F-9EB2-29D58AC25C44}.Ad-Hoc|iPhoneSimulator.Build.0 = Release|Any CPU
		{F8377F21-DB37-434F-9EB2-29D58AC25C44}.Ad-Hoc|iPhoneSimulator.Deploy.0 = Release|Any CPU
		{F8377F21-DB37-434F-9EB2-29D58AC25C44}.Ad-Hoc|x64.ActiveCfg = Release|Any CPU
		{F8377F21-DB37-434F-9EB2-29D58AC25C44}.Ad-Hoc|x64.Build.0 = Release|Any CPU
		{F8377F21-DB37-434F-9EB2-29D58AC25C44}.Ad-Hoc|x64.Deploy.0 = Release|Any CPU
		{F8377F21-DB37-434F-9EB2-29D58AC25C44}.Ad-Hoc|x86.ActiveCfg = Release|Any CPU
		{F8377F21-DB37-434F-9EB2-29D58AC25C44}.Ad-Hoc|x86.Build.0 = Release|Any CPU
		{F8377F21-DB37-434F-9EB2-29D58AC25C44}.Ad-Hoc|x86.Deploy.0 = Release|Any CPU
		{F8377F21-DB37-434F-9EB2-29D58AC25C44}.AppStore|Any CPU.ActiveCfg = Release|Any CPU
		{F8377F21-DB37-434F-9EB2-29D58AC25C44}.AppStore|Any CPU.Build.0 = Release|Any CPU
		{F8377F21-DB37-434F-9EB2-29D58AC25C44}.AppStore|Any CPU.Deploy.0 = Release|Any CPU
		{F8377F21-DB37-434F-9EB2-29D58AC25C44}.AppStore|ARM.ActiveCfg = Release|Any CPU
		{F8377F21-DB37-434F-9EB2-29D58AC25C44}.AppStore|ARM.Build.0 = Release|Any CPU
		{F8377F21-DB37-434F-9EB2-29D58AC25C44}.AppStore|ARM.Deploy.0 = Release|Any CPU
		{F8377F21-DB37-434F-9EB2-29D58AC25C44}.AppStore|iPhone.ActiveCfg = Release|Any CPU
		{F8377F21-DB37-434F-9EB2-29D58AC25C44}.AppStore|iPhone.Build.0 = Release|Any CPU
		{F8377F21-DB37-434F-9EB2-29D58AC25C44}.AppStore|iPhone.Deploy.0 = Release|Any CPU
		{F8377F21-DB37-434F-9EB2-29D58AC25C44}.AppStore|iPhoneSimulator.ActiveCfg = Release|Any CPU
		{F8377F21-DB37-434F-9EB2-29D58AC25C44}.AppStore|iPhoneSimulator.Build.0 = Release|Any CPU
		{F8377F21-DB37-434F-9EB2-29D58AC25C44}.AppStore|iPhoneSimulator.Deploy.0 = Release|Any CPU
		{F8377F21-DB37-434F-9EB2-29D58AC25C44}.AppStore|x64.ActiveCfg = Release|Any CPU
		{F8377F21-DB37-434F-9EB2-29D58AC25C44}.AppStore|x64.Build.0 = Release|Any CPU
		{F8377F21-DB37-434F-9EB2-29D58AC25C44}.AppStore|x64.Deploy.0 = Release|Any CPU
		{F8377F21-DB37-434F-9EB2-29D58AC25C44}.AppStore|x86.ActiveCfg = Release|Any CPU
		{F8377F21-DB37-434F-9EB2-29D58AC25C44}.AppStore|x86.Build.0 = Release|Any CPU
		{F8377F21-DB37-434F-9EB2-29D58AC25C44}.AppStore|x86.Deploy.0 = Release|Any CPU
		{F8377F21-DB37-434F-9EB2-29D58AC25C44}.Debug|Any CPU.ActiveCfg = Debug|Any CPU
		{F8377F21-DB37-434F-9EB2-29D58AC25C44}.Debug|Any CPU.Build.0 = Debug|Any CPU
		{F8377F21-DB37-434F-9EB2-29D58AC25C44}.Debug|Any CPU.Deploy.0 = Debug|Any CPU
		{F8377F21-DB37-434F-9EB2-29D58AC25C44}.Debug|ARM.ActiveCfg = Debug|Any CPU
		{F8377F21-DB37-434F-9EB2-29D58AC25C44}.Debug|ARM.Build.0 = Debug|Any CPU
		{F8377F21-DB37-434F-9EB2-29D58AC25C44}.Debug|ARM.Deploy.0 = Debug|Any CPU
		{F8377F21-DB37-434F-9EB2-29D58AC25C44}.Debug|iPhone.ActiveCfg = Debug|Any CPU
		{F8377F21-DB37-434F-9EB2-29D58AC25C44}.Debug|iPhone.Build.0 = Debug|Any CPU
		{F8377F21-DB37-434F-9EB2-29D58AC25C44}.Debug|iPhone.Deploy.0 = Debug|Any CPU
		{F8377F21-DB37-434F-9EB2-29D58AC25C44}.Debug|iPhoneSimulator.ActiveCfg = Debug|Any CPU
		{F8377F21-DB37-434F-9EB2-29D58AC25C44}.Debug|iPhoneSimulator.Build.0 = Debug|Any CPU
		{F8377F21-DB37-434F-9EB2-29D58AC25C44}.Debug|iPhoneSimulator.Deploy.0 = Debug|Any CPU
		{F8377F21-DB37-434F-9EB2-29D58AC25C44}.Debug|x64.ActiveCfg = Debug|Any CPU
		{F8377F21-DB37-434F-9EB2-29D58AC25C44}.Debug|x64.Build.0 = Debug|Any CPU
		{F8377F21-DB37-434F-9EB2-29D58AC25C44}.Debug|x64.Deploy.0 = Debug|Any CPU
		{F8377F21-DB37-434F-9EB2-29D58AC25C44}.Debug|x86.ActiveCfg = Debug|Any CPU
		{F8377F21-DB37-434F-9EB2-29D58AC25C44}.Debug|x86.Build.0 = Debug|Any CPU
		{F8377F21-DB37-434F-9EB2-29D58AC25C44}.Debug|x86.Deploy.0 = Debug|Any CPU
		{F8377F21-DB37-434F-9EB2-29D58AC25C44}.Release|Any CPU.ActiveCfg = Release|Any CPU
		{F8377F21-DB37-434F-9EB2-29D58AC25C44}.Release|Any CPU.Build.0 = Release|Any CPU
		{F8377F21-DB37-434F-9EB2-29D58AC25C44}.Release|Any CPU.Deploy.0 = Release|Any CPU
		{F8377F21-DB37-434F-9EB2-29D58AC25C44}.Release|ARM.ActiveCfg = Release|Any CPU
		{F8377F21-DB37-434F-9EB2-29D58AC25C44}.Release|ARM.Build.0 = Release|Any CPU
		{F8377F21-DB37-434F-9EB2-29D58AC25C44}.Release|ARM.Deploy.0 = Release|Any CPU
		{F8377F21-DB37-434F-9EB2-29D58AC25C44}.Release|iPhone.ActiveCfg = Release|Any CPU
		{F8377F21-DB37-434F-9EB2-29D58AC25C44}.Release|iPhone.Build.0 = Release|Any CPU
		{F8377F21-DB37-434F-9EB2-29D58AC25C44}.Release|iPhone.Deploy.0 = Release|Any CPU
		{F8377F21-DB37-434F-9EB2-29D58AC25C44}.Release|iPhoneSimulator.ActiveCfg = Release|Any CPU
		{F8377F21-DB37-434F-9EB2-29D58AC25C44}.Release|iPhoneSimulator.Build.0 = Release|Any CPU
		{F8377F21-DB37-434F-9EB2-29D58AC25C44}.Release|iPhoneSimulator.Deploy.0 = Release|Any CPU
		{F8377F21-DB37-434F-9EB2-29D58AC25C44}.Release|x64.ActiveCfg = Release|Any CPU
		{F8377F21-DB37-434F-9EB2-29D58AC25C44}.Release|x64.Build.0 = Release|Any CPU
		{F8377F21-DB37-434F-9EB2-29D58AC25C44}.Release|x64.Deploy.0 = Release|Any CPU
		{F8377F21-DB37-434F-9EB2-29D58AC25C44}.Release|x86.ActiveCfg = Release|Any CPU
		{F8377F21-DB37-434F-9EB2-29D58AC25C44}.Release|x86.Build.0 = Release|Any CPU
		{F8377F21-DB37-434F-9EB2-29D58AC25C44}.Release|x86.Deploy.0 = Release|Any CPU
		{87345916-C536-4784-B171-FEAE0DD3C442}.Ad-Hoc|Any CPU.ActiveCfg = Release|Any CPU
		{87345916-C536-4784-B171-FEAE0DD3C442}.Ad-Hoc|Any CPU.Build.0 = Release|Any CPU
		{87345916-C536-4784-B171-FEAE0DD3C442}.Ad-Hoc|ARM.ActiveCfg = Release|Any CPU
		{87345916-C536-4784-B171-FEAE0DD3C442}.Ad-Hoc|ARM.Build.0 = Release|Any CPU
		{87345916-C536-4784-B171-FEAE0DD3C442}.Ad-Hoc|iPhone.ActiveCfg = Release|Any CPU
		{87345916-C536-4784-B171-FEAE0DD3C442}.Ad-Hoc|iPhone.Build.0 = Release|Any CPU
		{87345916-C536-4784-B171-FEAE0DD3C442}.Ad-Hoc|iPhoneSimulator.ActiveCfg = Release|Any CPU
		{87345916-C536-4784-B171-FEAE0DD3C442}.Ad-Hoc|iPhoneSimulator.Build.0 = Release|Any CPU
		{87345916-C536-4784-B171-FEAE0DD3C442}.Ad-Hoc|x64.ActiveCfg = Release|Any CPU
		{87345916-C536-4784-B171-FEAE0DD3C442}.Ad-Hoc|x64.Build.0 = Release|Any CPU
		{87345916-C536-4784-B171-FEAE0DD3C442}.Ad-Hoc|x86.ActiveCfg = Release|Any CPU
		{87345916-C536-4784-B171-FEAE0DD3C442}.Ad-Hoc|x86.Build.0 = Release|Any CPU
		{87345916-C536-4784-B171-FEAE0DD3C442}.AppStore|Any CPU.ActiveCfg = Release|Any CPU
		{87345916-C536-4784-B171-FEAE0DD3C442}.AppStore|Any CPU.Build.0 = Release|Any CPU
		{87345916-C536-4784-B171-FEAE0DD3C442}.AppStore|ARM.ActiveCfg = Release|Any CPU
		{87345916-C536-4784-B171-FEAE0DD3C442}.AppStore|ARM.Build.0 = Release|Any CPU
		{87345916-C536-4784-B171-FEAE0DD3C442}.AppStore|iPhone.ActiveCfg = Release|Any CPU
		{87345916-C536-4784-B171-FEAE0DD3C442}.AppStore|iPhone.Build.0 = Release|Any CPU
		{87345916-C536-4784-B171-FEAE0DD3C442}.AppStore|iPhoneSimulator.ActiveCfg = Release|Any CPU
		{87345916-C536-4784-B171-FEAE0DD3C442}.AppStore|iPhoneSimulator.Build.0 = Release|Any CPU
		{87345916-C536-4784-B171-FEAE0DD3C442}.AppStore|x64.ActiveCfg = Release|Any CPU
		{87345916-C536-4784-B171-FEAE0DD3C442}.AppStore|x64.Build.0 = Release|Any CPU
		{87345916-C536-4784-B171-FEAE0DD3C442}.AppStore|x86.ActiveCfg = Release|Any CPU
		{87345916-C536-4784-B171-FEAE0DD3C442}.AppStore|x86.Build.0 = Release|Any CPU
		{87345916-C536-4784-B171-FEAE0DD3C442}.Debug|Any CPU.ActiveCfg = Debug|Any CPU
		{87345916-C536-4784-B171-FEAE0DD3C442}.Debug|Any CPU.Build.0 = Debug|Any CPU
		{87345916-C536-4784-B171-FEAE0DD3C442}.Debug|ARM.ActiveCfg = Debug|Any CPU
		{87345916-C536-4784-B171-FEAE0DD3C442}.Debug|ARM.Build.0 = Debug|Any CPU
		{87345916-C536-4784-B171-FEAE0DD3C442}.Debug|iPhone.ActiveCfg = Debug|Any CPU
		{87345916-C536-4784-B171-FEAE0DD3C442}.Debug|iPhone.Build.0 = Debug|Any CPU
		{87345916-C536-4784-B171-FEAE0DD3C442}.Debug|iPhoneSimulator.ActiveCfg = Debug|Any CPU
		{87345916-C536-4784-B171-FEAE0DD3C442}.Debug|iPhoneSimulator.Build.0 = Debug|Any CPU
		{87345916-C536-4784-B171-FEAE0DD3C442}.Debug|x64.ActiveCfg = Debug|Any CPU
		{87345916-C536-4784-B171-FEAE0DD3C442}.Debug|x64.Build.0 = Debug|Any CPU
		{87345916-C536-4784-B171-FEAE0DD3C442}.Debug|x86.ActiveCfg = Debug|Any CPU
		{87345916-C536-4784-B171-FEAE0DD3C442}.Debug|x86.Build.0 = Debug|Any CPU
		{87345916-C536-4784-B171-FEAE0DD3C442}.Release|Any CPU.ActiveCfg = Release|Any CPU
		{87345916-C536-4784-B171-FEAE0DD3C442}.Release|Any CPU.Build.0 = Release|Any CPU
		{87345916-C536-4784-B171-FEAE0DD3C442}.Release|ARM.ActiveCfg = Release|Any CPU
		{87345916-C536-4784-B171-FEAE0DD3C442}.Release|ARM.Build.0 = Release|Any CPU
		{87345916-C536-4784-B171-FEAE0DD3C442}.Release|iPhone.ActiveCfg = Release|Any CPU
		{87345916-C536-4784-B171-FEAE0DD3C442}.Release|iPhone.Build.0 = Release|Any CPU
		{87345916-C536-4784-B171-FEAE0DD3C442}.Release|iPhoneSimulator.ActiveCfg = Release|Any CPU
		{87345916-C536-4784-B171-FEAE0DD3C442}.Release|iPhoneSimulator.Build.0 = Release|Any CPU
		{87345916-C536-4784-B171-FEAE0DD3C442}.Release|x64.ActiveCfg = Release|Any CPU
		{87345916-C536-4784-B171-FEAE0DD3C442}.Release|x64.Build.0 = Release|Any CPU
		{87345916-C536-4784-B171-FEAE0DD3C442}.Release|x86.ActiveCfg = Release|Any CPU
		{87345916-C536-4784-B171-FEAE0DD3C442}.Release|x86.Build.0 = Release|Any CPU
		{E8305F49-558A-4AD5-9B00-28B773A697EE}.Ad-Hoc|Any CPU.ActiveCfg = Ad-Hoc|iPhoneSimulator
		{E8305F49-558A-4AD5-9B00-28B773A697EE}.Ad-Hoc|ARM.ActiveCfg = Ad-Hoc|iPhone
		{E8305F49-558A-4AD5-9B00-28B773A697EE}.Ad-Hoc|iPhone.ActiveCfg = Ad-Hoc|iPhone
		{E8305F49-558A-4AD5-9B00-28B773A697EE}.Ad-Hoc|iPhone.Build.0 = Ad-Hoc|iPhone
		{E8305F49-558A-4AD5-9B00-28B773A697EE}.Ad-Hoc|iPhoneSimulator.ActiveCfg = Ad-Hoc|iPhoneSimulator
		{E8305F49-558A-4AD5-9B00-28B773A697EE}.Ad-Hoc|iPhoneSimulator.Build.0 = Ad-Hoc|iPhoneSimulator
		{E8305F49-558A-4AD5-9B00-28B773A697EE}.Ad-Hoc|x64.ActiveCfg = Ad-Hoc|iPhone
		{E8305F49-558A-4AD5-9B00-28B773A697EE}.Ad-Hoc|x86.ActiveCfg = Ad-Hoc|iPhone
		{E8305F49-558A-4AD5-9B00-28B773A697EE}.AppStore|Any CPU.ActiveCfg = AppStore|iPhoneSimulator
		{E8305F49-558A-4AD5-9B00-28B773A697EE}.AppStore|ARM.ActiveCfg = AppStore|iPhone
		{E8305F49-558A-4AD5-9B00-28B773A697EE}.AppStore|iPhone.ActiveCfg = AppStore|iPhone
		{E8305F49-558A-4AD5-9B00-28B773A697EE}.AppStore|iPhone.Build.0 = AppStore|iPhone
		{E8305F49-558A-4AD5-9B00-28B773A697EE}.AppStore|iPhoneSimulator.ActiveCfg = AppStore|iPhoneSimulator
		{E8305F49-558A-4AD5-9B00-28B773A697EE}.AppStore|iPhoneSimulator.Build.0 = AppStore|iPhoneSimulator
		{E8305F49-558A-4AD5-9B00-28B773A697EE}.AppStore|x64.ActiveCfg = AppStore|iPhone
		{E8305F49-558A-4AD5-9B00-28B773A697EE}.AppStore|x86.ActiveCfg = AppStore|iPhone
		{E8305F49-558A-4AD5-9B00-28B773A697EE}.Debug|Any CPU.ActiveCfg = Debug|iPhoneSimulator
		{E8305F49-558A-4AD5-9B00-28B773A697EE}.Debug|ARM.ActiveCfg = Debug|iPhone
		{E8305F49-558A-4AD5-9B00-28B773A697EE}.Debug|iPhone.ActiveCfg = Debug|iPhone
		{E8305F49-558A-4AD5-9B00-28B773A697EE}.Debug|iPhone.Build.0 = Debug|iPhone
		{E8305F49-558A-4AD5-9B00-28B773A697EE}.Debug|iPhoneSimulator.ActiveCfg = Debug|iPhoneSimulator
		{E8305F49-558A-4AD5-9B00-28B773A697EE}.Debug|iPhoneSimulator.Build.0 = Debug|iPhoneSimulator
		{E8305F49-558A-4AD5-9B00-28B773A697EE}.Debug|x64.ActiveCfg = Debug|iPhone
		{E8305F49-558A-4AD5-9B00-28B773A697EE}.Debug|x86.ActiveCfg = Debug|iPhone
		{E8305F49-558A-4AD5-9B00-28B773A697EE}.Release|Any CPU.ActiveCfg = Release|iPhoneSimulator
		{E8305F49-558A-4AD5-9B00-28B773A697EE}.Release|ARM.ActiveCfg = Release|iPhone
		{E8305F49-558A-4AD5-9B00-28B773A697EE}.Release|iPhone.ActiveCfg = Release|iPhone
		{E8305F49-558A-4AD5-9B00-28B773A697EE}.Release|iPhone.Build.0 = Release|iPhone
		{E8305F49-558A-4AD5-9B00-28B773A697EE}.Release|iPhoneSimulator.ActiveCfg = Release|iPhoneSimulator
		{E8305F49-558A-4AD5-9B00-28B773A697EE}.Release|iPhoneSimulator.Build.0 = Release|iPhoneSimulator
		{E8305F49-558A-4AD5-9B00-28B773A697EE}.Release|x64.ActiveCfg = Release|iPhone
		{E8305F49-558A-4AD5-9B00-28B773A697EE}.Release|x86.ActiveCfg = Release|iPhone
	EndGlobalSection
	GlobalSection(SolutionProperties) = preSolution
		HideSolutionNode = FALSE
	EndGlobalSection
	GlobalSection(ExtensibilityGlobals) = postSolution
		SolutionGuid = {DEC6C128-01F2-4C57-9F44-FE6E450EF79D}
	EndGlobalSection
EndGlobal
